# THIS IS AN AUTOGENERATED FILE. DO NOT EDIT THIS FILE DIRECTLY.
# yarn lockfile v1


activesupport@^0.1.4:
  version "0.1.4"
  resolved "https://registry.yarnpkg.com/activesupport/-/activesupport-0.1.4.tgz#b025313304a61b62d4b8179461c9247c18c5fdb4"
  integrity sha1-sCUxMwSmG2LUuBeUYckkfBjF/bQ=
  dependencies:
    lodash latest

lodash@latest:
  version "4.17.19"
  resolved "https://registry.yarnpkg.com/lodash/-/lodash-4.17.19.tgz#e48ddedbe30b3321783c5b4301fbd353bc1e4a4b"
  integrity sha512-JNvd8XER9GQX0v2qJgsaN/mzFCNA5BRe/j8JN9d+tWyGLSodKQHKFicdwNYzWwI3wjRnaKPsGj1XkBjx/F96DQ==
